{
  "dependencies": {
    "abbrev": {
      "version": "1.0.9",
      "from": "abbrev@>=1.0.0 <2.0.0",
      "resolved": "https://registry.npmjs.org/abbrev/-/abbrev-1.0.9.tgz"
    },
    "ansi-regex": {
      "version": "2.0.0",
      "from": "ansi-regex@>=2.0.0 <3.0.0",
      "resolved": "https://registry.npmjs.org/ansi-regex/-/ansi-regex-2.0.0.tgz"
    },
    "ansi-styles": {
      "version": "2.2.1",
      "from": "ansi-styles@>=2.2.1 <3.0.0",
      "resolved": "https://registry.npmjs.org/ansi-styles/-/ansi-styles-2.2.1.tgz"
    },
    "aproba": {
      "version": "1.0.4",
      "from": "aproba@>=1.0.3 <2.0.0",
      "resolved": "https://registry.npmjs.org/aproba/-/aproba-1.0.4.tgz"
    },
    "are-we-there-yet": {
      "version": "1.1.2",
      "from": "are-we-there-yet@>=1.1.2 <1.2.0",
      "resolved": "https://registry.npmjs.org/are-we-there-yet/-/are-we-there-yet-1.1.2.tgz"
    },
    "asn1": {
      "version": "0.2.3",
      "from": "asn1@>=0.2.3 <0.3.0",
      "resolved": "https://registry.npmjs.org/asn1/-/asn1-0.2.3.tgz"
    },
    "assert-plus": {
      "version": "0.2.0",
      "from": "assert-plus@>=0.2.0 <0.3.0",
      "resolved": "https://registry.npmjs.org/assert-plus/-/assert-plus-0.2.0.tgz"
    },
    "asynckit": {
      "version": "0.4.0",
      "from": "asynckit@>=0.4.0 <0.5.0",
      "resolved": "https://registry.npmjs.org/asynckit/-/asynckit-0.4.0.tgz"
    },
    "autoprefixer": {
      "version": "6.3.7",
      "from": "autoprefixer@6.3.7",
      "resolved": "https://registry.npmjs.org/autoprefixer/-/autoprefixer-6.3.7.tgz"
    },
    "aws-sign2": {
      "version": "0.6.0",
      "from": "aws-sign2@>=0.6.0 <0.7.0",
      "resolved": "https://registry.npmjs.org/aws-sign2/-/aws-sign2-0.6.0.tgz"
    },
    "aws4": {
      "version": "1.5.0",
      "from": "aws4@>=1.2.1 <2.0.0",
      "resolved": "https://registry.npmjs.org/aws4/-/aws4-1.5.0.tgz"
    },
    "babel-runtime": {
      "version": "6.6.1",
      "from": "https://registry.npmjs.org/babel-runtime/-/babel-runtime-6.6.1.tgz",
      "resolved": "https://registry.npmjs.org/babel-runtime/-/babel-runtime-6.6.1.tgz"
    },
    "balanced-match": {
      "version": "0.4.1",
      "from": "balanced-match@>=0.4.1 <0.5.0",
      "resolved": "https://registry.npmjs.org/balanced-match/-/balanced-match-0.4.1.tgz"
    },
    "bcrypt": {
      "version": "1.0.1",
      "from": "bcrypt@latest",
      "resolved": "https://registry.npmjs.org/bcrypt/-/bcrypt-1.0.1.tgz"
    },
    "bcrypt-pbkdf": {
      "version": "1.0.0",
      "from": "bcrypt-pbkdf@>=1.0.0 <2.0.0",
      "resolved": "https://registry.npmjs.org/bcrypt-pbkdf/-/bcrypt-pbkdf-1.0.0.tgz",
      "optional": true
    },
    "bindings": {
      "version": "1.2.1",
      "from": "bindings@1.2.1",
      "resolved": "https://registry.npmjs.org/bindings/-/bindings-1.2.1.tgz"
    },
    "block-stream": {
      "version": "0.0.9",
      "from": "block-stream@*",
      "resolved": "https://registry.npmjs.org/block-stream/-/block-stream-0.0.9.tgz"
    },
    "boom": {
      "version": "2.10.1",
      "from": "boom@>=2.0.0 <3.0.0",
      "resolved": "https://registry.npmjs.org/boom/-/boom-2.10.1.tgz"
    },
    "brace-expansion": {
      "version": "1.1.5",
      "from": "brace-expansion@>=1.0.0 <2.0.0",
      "resolved": "https://registry.npmjs.org/brace-expansion/-/brace-expansion-1.1.5.tgz"
    },
    "browserslist": {
      "version": "1.3.4",
      "from": "browserslist@>=1.3.4 <1.4.0",
      "resolved": "https://registry.npmjs.org/browserslist/-/browserslist-1.3.4.tgz"
    },
    "buffer-shims": {
      "version": "1.0.0",
      "from": "buffer-shims@>=1.0.0 <2.0.0",
      "resolved": "https://registry.npmjs.org/buffer-shims/-/buffer-shims-1.0.0.tgz"
    },
    "caniuse-db": {
      "version": "1.0.30000505",
      "from": "caniuse-db@>=1.0.30000488 <2.0.0",
      "resolved": "https://registry.npmjs.org/caniuse-db/-/caniuse-db-1.0.30000505.tgz"
    },
    "caseless": {
      "version": "0.11.0",
      "from": "caseless@>=0.11.0 <0.12.0",
      "resolved": "https://registry.npmjs.org/caseless/-/caseless-0.11.0.tgz"
    },
    "chalk": {
      "version": "1.1.3",
      "from": "chalk@>=1.1.3 <2.0.0",
      "resolved": "https://registry.npmjs.org/chalk/-/chalk-1.1.3.tgz"
    },
    "code-point-at": {
      "version": "1.0.0",
      "from": "code-point-at@>=1.0.0 <2.0.0",
      "resolved": "https://registry.npmjs.org/code-point-at/-/code-point-at-1.0.0.tgz"
    },
    "combined-stream": {
      "version": "1.0.5",
      "from": "combined-stream@>=1.0.5 <1.1.0",
      "resolved": "https://registry.npmjs.org/combined-stream/-/combined-stream-1.0.5.tgz"
    },
    "commander": {
      "version": "2.9.0",
      "from": "commander@>=2.9.0 <3.0.0",
      "resolved": "https://registry.npmjs.org/commander/-/commander-2.9.0.tgz"
    },
    "concat-map": {
      "version": "0.0.1",
      "from": "concat-map@0.0.1",
      "resolved": "https://registry.npmjs.org/concat-map/-/concat-map-0.0.1.tgz"
    },
    "console-control-strings": {
      "version": "1.1.0",
      "from": "console-control-strings@>=1.1.0 <1.2.0",
      "resolved": "https://registry.npmjs.org/console-control-strings/-/console-control-strings-1.1.0.tgz"
    },
    "core-js": {
      "version": "2.4.0",
      "from": "core-js@>=2.4.0 <3.0.0",
      "resolved": "https://registry.npmjs.org/core-js/-/core-js-2.4.0.tgz"
    },
    "core-util-is": {
      "version": "1.0.2",
      "from": "core-util-is@>=1.0.0 <1.1.0",
      "resolved": "https://registry.npmjs.org/core-util-is/-/core-util-is-1.0.2.tgz"
    },
    "cryptiles": {
      "version": "2.0.5",
      "from": "cryptiles@>=2.0.0 <3.0.0",
      "resolved": "https://registry.npmjs.org/cryptiles/-/cryptiles-2.0.5.tgz"
    },
    "dashdash": {
      "version": "1.14.1",
      "from": "dashdash@>=1.12.0 <2.0.0",
      "resolved": "https://registry.npmjs.org/dashdash/-/dashdash-1.14.1.tgz",
      "dependencies": {
        "assert-plus": {
          "version": "1.0.0",
          "from": "assert-plus@>=1.0.0 <2.0.0",
          "resolved": "https://registry.npmjs.org/assert-plus/-/assert-plus-1.0.0.tgz"
        }
      }
    },
    "debug": {
      "version": "2.2.0",
      "from": "debug@>=2.1.1 <3.0.0",
      "resolved": "https://registry.npmjs.org/debug/-/debug-2.2.0.tgz"
    },
    "deep-extend": {
      "version": "0.4.1",
      "from": "deep-extend@>=0.4.0 <0.5.0",
      "resolved": "https://registry.npmjs.org/deep-extend/-/deep-extend-0.4.1.tgz"
    },
    "delayed-stream": {
      "version": "1.0.0",
      "from": "delayed-stream@>=1.0.0 <1.1.0",
      "resolved": "https://registry.npmjs.org/delayed-stream/-/delayed-stream-1.0.0.tgz"
    },
    "delegates": {
      "version": "1.0.0",
      "from": "delegates@>=1.0.0 <2.0.0",
      "resolved": "https://registry.npmjs.org/delegates/-/delegates-1.0.0.tgz"
    },
    "ecc-jsbn": {
      "version": "0.1.1",
      "from": "ecc-jsbn@>=0.1.1 <0.2.0",
      "resolved": "https://registry.npmjs.org/ecc-jsbn/-/ecc-jsbn-0.1.1.tgz",
      "optional": true
    },
    "escape-string-regexp": {
      "version": "1.0.5",
      "from": "escape-string-regexp@>=1.0.2 <2.0.0",
      "resolved": "https://registry.npmjs.org/escape-string-regexp/-/escape-string-regexp-1.0.5.tgz"
    },
    "extend": {
      "version": "3.0.0",
      "from": "extend@>=3.0.0 <3.1.0",
      "resolved": "https://registry.npmjs.org/extend/-/extend-3.0.0.tgz"
    },
    "extsprintf": {
      "version": "1.0.2",
      "from": "extsprintf@1.0.2",
      "resolved": "https://registry.npmjs.org/extsprintf/-/extsprintf-1.0.2.tgz"
    },
    "faker": {
      "version": "3.1.0",
      "from": "faker@>=3.0.1 <4.0.0",
      "resolved": "https://registry.npmjs.org/faker/-/faker-3.1.0.tgz"
    },
    "forever-agent": {
      "version": "0.6.1",
      "from": "forever-agent@>=0.6.1 <0.7.0",
      "resolved": "https://registry.npmjs.org/forever-agent/-/forever-agent-0.6.1.tgz"
    },
    "form-data": {
      "version": "2.1.2",
      "from": "form-data@>=2.1.1 <2.2.0",
      "resolved": "https://registry.npmjs.org/form-data/-/form-data-2.1.2.tgz"
    },
    "fs.realpath": {
      "version": "1.0.0",
      "from": "fs.realpath@>=1.0.0 <2.0.0",
      "resolved": "https://registry.npmjs.org/fs.realpath/-/fs.realpath-1.0.0.tgz"
    },
    "fstream": {
      "version": "1.0.10",
      "from": "fstream@>=1.0.2 <2.0.0",
      "resolved": "https://registry.npmjs.org/fstream/-/fstream-1.0.10.tgz"
    },
    "fstream-ignore": {
      "version": "1.0.5",
      "from": "fstream-ignore@>=1.0.5 <1.1.0",
      "resolved": "https://registry.npmjs.org/fstream-ignore/-/fstream-ignore-1.0.5.tgz"
    },
    "gauge": {
      "version": "2.7.2",
      "from": "gauge@>=2.7.1 <2.8.0",
      "resolved": "https://registry.npmjs.org/gauge/-/gauge-2.7.2.tgz",
      "dependencies": {
        "supports-color": {
          "version": "0.2.0",
          "from": "supports-color@>=0.2.0 <0.3.0",
          "resolved": "https://registry.npmjs.org/supports-color/-/supports-color-0.2.0.tgz"
        }
      }
    },
    "generate-function": {
      "version": "2.0.0",
      "from": "generate-function@>=2.0.0 <3.0.0",
      "resolved": "https://registry.npmjs.org/generate-function/-/generate-function-2.0.0.tgz"
    },
    "generate-object-property": {
      "version": "1.2.0",
      "from": "generate-object-property@>=1.1.0 <2.0.0",
      "resolved": "https://registry.npmjs.org/generate-object-property/-/generate-object-property-1.2.0.tgz"
    },
    "getpass": {
      "version": "0.1.6",
      "from": "getpass@>=0.1.1 <0.2.0",
      "resolved": "https://registry.npmjs.org/getpass/-/getpass-0.1.6.tgz",
      "dependencies": {
        "assert-plus": {
          "version": "1.0.0",
          "from": "assert-plus@>=1.0.0 <2.0.0",
          "resolved": "https://registry.npmjs.org/assert-plus/-/assert-plus-1.0.0.tgz"
        }
      }
    },
    "glob": {
      "version": "7.0.5",
      "from": "glob@>=7.0.3 <8.0.0",
      "resolved": "https://registry.npmjs.org/glob/-/glob-7.0.5.tgz"
    },
    "graceful-fs": {
      "version": "4.1.4",
      "from": "graceful-fs@>=4.1.2 <5.0.0",
      "resolved": "https://registry.npmjs.org/graceful-fs/-/graceful-fs-4.1.4.tgz"
    },
    "graceful-readlink": {
      "version": "1.0.1",
      "from": "graceful-readlink@>=1.0.0",
      "resolved": "https://registry.npmjs.org/graceful-readlink/-/graceful-readlink-1.0.1.tgz"
    },
    "har-validator": {
      "version": "2.0.6",
      "from": "har-validator@>=2.0.6 <2.1.0",
      "resolved": "https://registry.npmjs.org/har-validator/-/har-validator-2.0.6.tgz"
    },
    "has-ansi": {
      "version": "2.0.0",
      "from": "has-ansi@>=2.0.0 <3.0.0",
      "resolved": "https://registry.npmjs.org/has-ansi/-/has-ansi-2.0.0.tgz"
    },
    "has-flag": {
      "version": "1.0.0",
      "from": "has-flag@>=1.0.0 <2.0.0",
      "resolved": "https://registry.npmjs.org/has-flag/-/has-flag-1.0.0.tgz"
    },
    "has-unicode": {
      "version": "2.0.1",
      "from": "has-unicode@>=2.0.0 <3.0.0",
      "resolved": "https://registry.npmjs.org/has-unicode/-/has-unicode-2.0.1.tgz"
    },
    "hawk": {
      "version": "3.1.3",
      "from": "hawk@>=3.1.3 <3.2.0",
      "resolved": "https://registry.npmjs.org/hawk/-/hawk-3.1.3.tgz"
    },
    "hoek": {
      "version": "2.16.3",
      "from": "hoek@>=2.0.0 <3.0.0",
      "resolved": "https://registry.npmjs.org/hoek/-/hoek-2.16.3.tgz"
    },
    "http-signature": {
      "version": "1.1.1",
      "from": "http-signature@>=1.1.0 <1.2.0",
      "resolved": "https://registry.npmjs.org/http-signature/-/http-signature-1.1.1.tgz"
    },
    "inflight": {
      "version": "1.0.5",
      "from": "inflight@>=1.0.4 <2.0.0",
      "resolved": "https://registry.npmjs.org/inflight/-/inflight-1.0.5.tgz"
    },
    "inherits": {
      "version": "2.0.1",
      "from": "inherits@>=2.0.1 <2.1.0",
      "resolved": "https://registry.npmjs.org/inherits/-/inherits-2.0.1.tgz"
    },
    "ini": {
      "version": "1.3.4",
      "from": "ini@>=1.3.0 <1.4.0",
      "resolved": "https://registry.npmjs.org/ini/-/ini-1.3.4.tgz"
    },
    "is-fullwidth-code-point": {
      "version": "1.0.0",
      "from": "is-fullwidth-code-point@>=1.0.0 <2.0.0",
      "resolved": "https://registry.npmjs.org/is-fullwidth-code-point/-/is-fullwidth-code-point-1.0.0.tgz"
    },
    "is-my-json-valid": {
      "version": "2.13.1",
      "from": "is-my-json-valid@>=2.10.0 <3.0.0",
      "resolved": "https://registry.npmjs.org/is-my-json-valid/-/is-my-json-valid-2.13.1.tgz"
    },
    "is-property": {
      "version": "1.0.2",
      "from": "is-property@>=1.0.0 <2.0.0",
      "resolved": "https://registry.npmjs.org/is-property/-/is-property-1.0.2.tgz"
    },
    "is-typedarray": {
      "version": "1.0.0",
      "from": "is-typedarray@>=1.0.0 <1.1.0",
      "resolved": "https://registry.npmjs.org/is-typedarray/-/is-typedarray-1.0.0.tgz"
    },
    "isarray": {
      "version": "1.0.0",
      "from": "isarray@>=1.0.0 <1.1.0",
      "resolved": "https://registry.npmjs.org/isarray/-/isarray-1.0.0.tgz"
    },
    "isstream": {
      "version": "0.1.2",
      "from": "isstream@>=0.1.2 <0.2.0",
      "resolved": "https://registry.npmjs.org/isstream/-/isstream-0.1.2.tgz"
    },
    "jodid25519": {
      "version": "1.0.2",
      "from": "jodid25519@>=1.0.0 <2.0.0",
      "resolved": "https://registry.npmjs.org/jodid25519/-/jodid25519-1.0.2.tgz",
      "optional": true
    },
    "js-base64": {
      "version": "2.1.9",
      "from": "js-base64@>=2.1.9 <3.0.0",
      "resolved": "https://registry.npmjs.org/js-base64/-/js-base64-2.1.9.tgz"
    },
    "jsbn": {
      "version": "0.1.0",
      "from": "jsbn@>=0.1.0 <0.2.0",
      "resolved": "https://registry.npmjs.org/jsbn/-/jsbn-0.1.0.tgz",
      "optional": true
    },
    "json-schema": {
      "version": "0.2.3",
      "from": "json-schema@0.2.3",
      "resolved": "https://registry.npmjs.org/json-schema/-/json-schema-0.2.3.tgz"
    },
    "json-stringify-safe": {
      "version": "5.0.1",
      "from": "json-stringify-safe@>=5.0.1 <5.1.0",
      "resolved": "https://registry.npmjs.org/json-stringify-safe/-/json-stringify-safe-5.0.1.tgz"
    },
    "jsonpointer": {
      "version": "2.0.0",
      "from": "jsonpointer@2.0.0",
      "resolved": "https://registry.npmjs.org/jsonpointer/-/jsonpointer-2.0.0.tgz"
    },
    "jsprim": {
      "version": "1.3.1",
      "from": "jsprim@>=1.2.2 <2.0.0",
      "resolved": "https://registry.npmjs.org/jsprim/-/jsprim-1.3.1.tgz"
    },
    "meteor-node-stubs": {
      "version": "0.2.4",
      "from": "meteor-node-stubs@latest",
      "resolved": "https://registry.npmjs.org/meteor-node-stubs/-/meteor-node-stubs-0.2.4.tgz",
      "dependencies": {
        "asn1.js": {
          "version": "4.9.0",
          "from": "asn1.js@>=4.0.0 <5.0.0",
          "resolved": "https://registry.npmjs.org/asn1.js/-/asn1.js-4.9.0.tgz"
        },
        "assert": {
          "version": "1.4.1",
          "from": "assert@1.4.1",
          "resolved": "https://registry.npmjs.org/assert/-/assert-1.4.1.tgz"
        },
        "Base64": {
          "version": "0.2.1",
          "from": "Base64@>=0.2.0 <0.3.0",
          "resolved": "https://registry.npmjs.org/Base64/-/Base64-0.2.1.tgz"
        },
        "base64-js": {
          "version": "1.2.0",
          "from": "base64-js@>=1.0.2 <2.0.0",
          "resolved": "https://registry.npmjs.org/base64-js/-/base64-js-1.2.0.tgz"
        },
        "bn.js": {
          "version": "4.11.6",
          "from": "bn.js@>=4.1.1 <5.0.0",
          "resolved": "https://registry.npmjs.org/bn.js/-/bn.js-4.11.6.tgz"
        },
        "brorand": {
          "version": "1.0.6",
          "from": "brorand@>=1.0.1 <2.0.0",
          "resolved": "https://registry.npmjs.org/brorand/-/brorand-1.0.6.tgz"
        },
        "browserify-aes": {
          "version": "1.0.6",
          "from": "browserify-aes@>=1.0.4 <2.0.0",
          "resolved": "https://registry.npmjs.org/browserify-aes/-/browserify-aes-1.0.6.tgz"
        },
        "browserify-cipher": {
          "version": "1.0.0",
          "from": "browserify-cipher@>=1.0.0 <2.0.0",
          "resolved": "https://registry.npmjs.org/browserify-cipher/-/browserify-cipher-1.0.0.tgz"
        },
        "browserify-des": {
          "version": "1.0.0",
          "from": "browserify-des@>=1.0.0 <2.0.0",
          "resolved": "https://registry.npmjs.org/browserify-des/-/browserify-des-1.0.0.tgz"
        },
        "browserify-rsa": {
          "version": "4.0.1",
          "from": "browserify-rsa@>=4.0.0 <5.0.0",
          "resolved": "https://registry.npmjs.org/browserify-rsa/-/browserify-rsa-4.0.1.tgz"
        },
        "browserify-sign": {
          "version": "4.0.0",
          "from": "browserify-sign@>=4.0.0 <5.0.0",
          "resolved": "https://registry.npmjs.org/browserify-sign/-/browserify-sign-4.0.0.tgz"
        },
        "browserify-zlib": {
          "version": "0.1.4",
          "from": "browserify-zlib@0.1.4",
          "resolved": "https://registry.npmjs.org/browserify-zlib/-/browserify-zlib-0.1.4.tgz"
        },
        "buffer": {
          "version": "4.9.1",
          "from": "buffer@4.9.1",
          "resolved": "https://registry.npmjs.org/buffer/-/buffer-4.9.1.tgz"
        },
        "buffer-shims": {
          "version": "1.0.0",
          "from": "buffer-shims@>=1.0.0 <2.0.0",
          "resolved": "https://registry.npmjs.org/buffer-shims/-/buffer-shims-1.0.0.tgz"
        },
        "buffer-xor": {
          "version": "1.0.3",
          "from": "buffer-xor@>=1.0.2 <2.0.0",
          "resolved": "https://registry.npmjs.org/buffer-xor/-/buffer-xor-1.0.3.tgz"
        },
        "cipher-base": {
          "version": "1.0.3",
          "from": "cipher-base@>=1.0.0 <2.0.0",
          "resolved": "https://registry.npmjs.org/cipher-base/-/cipher-base-1.0.3.tgz"
        },
        "console-browserify": {
          "version": "1.1.0",
          "from": "console-browserify@1.1.0",
          "resolved": "https://registry.npmjs.org/console-browserify/-/console-browserify-1.1.0.tgz"
        },
        "constants-browserify": {
          "version": "1.0.0",
          "from": "constants-browserify@1.0.0",
          "resolved": "https://registry.npmjs.org/constants-browserify/-/constants-browserify-1.0.0.tgz"
        },
        "core-util-is": {
          "version": "1.0.2",
          "from": "core-util-is@>=1.0.0 <1.1.0",
          "resolved": "https://registry.npmjs.org/core-util-is/-/core-util-is-1.0.2.tgz"
        },
        "create-ecdh": {
          "version": "4.0.0",
          "from": "create-ecdh@>=4.0.0 <5.0.0",
          "resolved": "https://registry.npmjs.org/create-ecdh/-/create-ecdh-4.0.0.tgz"
        },
        "create-hash": {
          "version": "1.1.2",
          "from": "create-hash@>=1.1.0 <2.0.0",
          "resolved": "https://registry.npmjs.org/create-hash/-/create-hash-1.1.2.tgz"
        },
        "create-hmac": {
          "version": "1.1.4",
          "from": "create-hmac@>=1.1.0 <2.0.0",
          "resolved": "https://registry.npmjs.org/create-hmac/-/create-hmac-1.1.4.tgz"
        },
        "crypto-browserify": {
          "version": "3.11.0",
          "from": "crypto-browserify@3.11.0",
          "resolved": "https://registry.npmjs.org/crypto-browserify/-/crypto-browserify-3.11.0.tgz"
        },
        "date-now": {
          "version": "0.1.4",
          "from": "date-now@>=0.1.4 <0.2.0",
          "resolved": "https://registry.npmjs.org/date-now/-/date-now-0.1.4.tgz"
        },
        "des.js": {
          "version": "1.0.0",
          "from": "des.js@>=1.0.0 <2.0.0",
          "resolved": "https://registry.npmjs.org/des.js/-/des.js-1.0.0.tgz"
        },
        "diffie-hellman": {
          "version": "5.0.2",
          "from": "diffie-hellman@>=5.0.0 <6.0.0",
          "resolved": "https://registry.npmjs.org/diffie-hellman/-/diffie-hellman-5.0.2.tgz"
        },
        "domain-browser": {
          "version": "1.1.7",
          "from": "domain-browser@1.1.7",
          "resolved": "https://registry.npmjs.org/domain-browser/-/domain-browser-1.1.7.tgz"
        },
        "elliptic": {
          "version": "6.3.2",
          "from": "elliptic@>=6.0.0 <7.0.0",
          "resolved": "https://registry.npmjs.org/elliptic/-/elliptic-6.3.2.tgz"
        },
        "events": {
          "version": "1.1.1",
          "from": "events@1.1.1",
          "resolved": "https://registry.npmjs.org/events/-/events-1.1.1.tgz"
        },
        "evp_bytestokey": {
          "version": "1.0.0",
          "from": "evp_bytestokey@>=1.0.0 <2.0.0",
          "resolved": "https://registry.npmjs.org/evp_bytestokey/-/evp_bytestokey-1.0.0.tgz"
        },
        "hash.js": {
          "version": "1.0.3",
          "from": "hash.js@>=1.0.0 <2.0.0",
          "resolved": "https://registry.npmjs.org/hash.js/-/hash.js-1.0.3.tgz"
        },
        "http-browserify": {
          "version": "1.7.0",
          "from": "http-browserify@1.7.0",
          "resolved": "https://registry.npmjs.org/http-browserify/-/http-browserify-1.7.0.tgz"
        },
        "https-browserify": {
          "version": "0.0.1",
          "from": "https-browserify@0.0.1",
          "resolved": "https://registry.npmjs.org/https-browserify/-/https-browserify-0.0.1.tgz"
        },
        "ieee754": {
          "version": "1.1.8",
          "from": "ieee754@>=1.1.4 <2.0.0",
          "resolved": "https://registry.npmjs.org/ieee754/-/ieee754-1.1.8.tgz"
        },
        "indexof": {
          "version": "0.0.1",
          "from": "indexof@0.0.1",
          "resolved": "https://registry.npmjs.org/indexof/-/indexof-0.0.1.tgz"
        },
        "inherits": {
          "version": "2.0.1",
          "from": "inherits@2.0.1",
          "resolved": "https://registry.npmjs.org/inherits/-/inherits-2.0.1.tgz"
        },
        "isarray": {
          "version": "1.0.0",
          "from": "isarray@>=1.0.0 <2.0.0",
          "resolved": "https://registry.npmjs.org/isarray/-/isarray-1.0.0.tgz"
        },
        "miller-rabin": {
          "version": "4.0.0",
          "from": "miller-rabin@>=4.0.0 <5.0.0",
          "resolved": "https://registry.npmjs.org/miller-rabin/-/miller-rabin-4.0.0.tgz"
        },
        "minimalistic-assert": {
          "version": "1.0.0",
          "from": "minimalistic-assert@>=1.0.0 <2.0.0",
          "resolved": "https://registry.npmjs.org/minimalistic-assert/-/minimalistic-assert-1.0.0.tgz"
        },
        "os-browserify": {
          "version": "0.2.1",
          "from": "os-browserify@0.2.1",
          "resolved": "https://registry.npmjs.org/os-browserify/-/os-browserify-0.2.1.tgz"
        },
        "pako": {
          "version": "0.2.9",
          "from": "pako@>=0.2.0 <0.3.0",
          "resolved": "https://registry.npmjs.org/pako/-/pako-0.2.9.tgz"
        },
        "parse-asn1": {
          "version": "5.0.0",
          "from": "parse-asn1@>=5.0.0 <6.0.0",
          "resolved": "https://registry.npmjs.org/parse-asn1/-/parse-asn1-5.0.0.tgz"
        },
        "path-browserify": {
          "version": "0.0.0",
          "from": "path-browserify@0.0.0",
          "resolved": "https://registry.npmjs.org/path-browserify/-/path-browserify-0.0.0.tgz"
        },
        "pbkdf2": {
          "version": "3.0.9",
          "from": "pbkdf2@>=3.0.3 <4.0.0",
          "resolved": "https://registry.npmjs.org/pbkdf2/-/pbkdf2-3.0.9.tgz"
        },
        "process": {
          "version": "0.11.9",
          "from": "process@0.11.9",
          "resolved": "https://registry.npmjs.org/process/-/process-0.11.9.tgz"
        },
        "process-nextick-args": {
          "version": "1.0.7",
          "from": "process-nextick-args@>=1.0.6 <1.1.0",
          "resolved": "https://registry.npmjs.org/process-nextick-args/-/process-nextick-args-1.0.7.tgz"
        },
        "public-encrypt": {
          "version": "4.0.0",
          "from": "public-encrypt@>=4.0.0 <5.0.0",
          "resolved": "https://registry.npmjs.org/public-encrypt/-/public-encrypt-4.0.0.tgz"
        },
        "punycode": {
          "version": "1.4.1",
          "from": "punycode@1.4.1",
          "resolved": "https://registry.npmjs.org/punycode/-/punycode-1.4.1.tgz"
        },
        "querystring": {
          "version": "0.2.0",
          "from": "querystring@0.2.0",
          "resolved": "https://registry.npmjs.org/querystring/-/querystring-0.2.0.tgz"
        },
        "querystring-es3": {
          "version": "0.2.1",
          "from": "querystring-es3@0.2.1",
          "resolved": "https://registry.npmjs.org/querystring-es3/-/querystring-es3-0.2.1.tgz"
        },
        "randombytes": {
          "version": "2.0.3",
          "from": "randombytes@>=2.0.0 <3.0.0",
          "resolved": "https://registry.npmjs.org/randombytes/-/randombytes-2.0.3.tgz"
        },
        "readable-stream": {
          "version": "2.2.1",
          "from": "readable-stream@2.2.1",
          "resolved": "https://registry.npmjs.org/readable-stream/-/readable-stream-2.2.1.tgz"
        },
        "ripemd160": {
          "version": "1.0.1",
          "from": "ripemd160@>=1.0.0 <2.0.0",
          "resolved": "https://registry.npmjs.org/ripemd160/-/ripemd160-1.0.1.tgz"
        },
        "sha.js": {
          "version": "2.4.8",
          "from": "sha.js@>=2.3.6 <3.0.0",
          "resolved": "https://registry.npmjs.org/sha.js/-/sha.js-2.4.8.tgz"
        },
        "stream-browserify": {
          "version": "2.0.1",
          "from": "stream-browserify@2.0.1",
          "resolved": "https://registry.npmjs.org/stream-browserify/-/stream-browserify-2.0.1.tgz"
        },
        "string_decoder": {
          "version": "0.10.31",
          "from": "string_decoder@0.10.31",
          "resolved": "https://registry.npmjs.org/string_decoder/-/string_decoder-0.10.31.tgz"
        },
        "timers-browserify": {
          "version": "1.4.2",
          "from": "timers-browserify@1.4.2",
          "resolved": "https://registry.npmjs.org/timers-browserify/-/timers-browserify-1.4.2.tgz"
        },
        "tty-browserify": {
          "version": "0.0.0",
          "from": "tty-browserify@0.0.0",
          "resolved": "https://registry.npmjs.org/tty-browserify/-/tty-browserify-0.0.0.tgz"
        },
        "url": {
          "version": "0.11.0",
          "from": "url@0.11.0",
          "resolved": "https://registry.npmjs.org/url/-/url-0.11.0.tgz",
          "dependencies": {
            "punycode": {
              "version": "1.3.2",
              "from": "punycode@1.3.2",
              "resolved": "https://registry.npmjs.org/punycode/-/punycode-1.3.2.tgz"
            }
          }
        },
        "util": {
          "version": "0.10.3",
          "from": "util@0.10.3",
          "resolved": "https://registry.npmjs.org/util/-/util-0.10.3.tgz"
        },
        "util-deprecate": {
          "version": "1.0.2",
          "from": "util-deprecate@>=1.0.1 <1.1.0",
          "resolved": "https://registry.npmjs.org/util-deprecate/-/util-deprecate-1.0.2.tgz"
        },
        "vm-browserify": {
          "version": "0.0.4",
          "from": "vm-browserify@0.0.4",
          "resolved": "https://registry.npmjs.org/vm-browserify/-/vm-browserify-0.0.4.tgz"
        }
      }
    },
    "mime-db": {
      "version": "1.25.0",
      "from": "mime-db@>=1.25.0 <1.26.0",
      "resolved": "https://registry.npmjs.org/mime-db/-/mime-db-1.25.0.tgz"
    },
    "mime-types": {
      "version": "2.1.13",
      "from": "mime-types@>=2.1.7 <2.2.0",
      "resolved": "https://registry.npmjs.org/mime-types/-/mime-types-2.1.13.tgz"
    },
    "minimatch": {
      "version": "3.0.2",
      "from": "minimatch@>=3.0.2 <4.0.0",
      "resolved": "https://registry.npmjs.org/minimatch/-/minimatch-3.0.2.tgz"
    },
    "minimist": {
      "version": "0.0.8",
      "from": "minimist@0.0.8",
      "resolved": "https://registry.npmjs.org/minimist/-/minimist-0.0.8.tgz"
    },
    "mkdirp": {
      "version": "0.5.1",
      "from": "mkdirp@>=0.5.0 <0.6.0",
      "resolved": "https://registry.npmjs.org/mkdirp/-/mkdirp-0.5.1.tgz"
    },
    "ms": {
      "version": "0.7.1",
      "from": "ms@0.7.1",
      "resolved": "https://registry.npmjs.org/ms/-/ms-0.7.1.tgz"
    },
    "nan": {
      "version": "2.3.5",
      "from": "nan@2.3.5",
      "resolved": "https://registry.npmjs.org/nan/-/nan-2.3.5.tgz"
    },
    "node-pre-gyp": {
      "version": "0.6.30",
      "from": "node-pre-gyp@0.6.30",
      "resolved": "https://registry.npmjs.org/node-pre-gyp/-/node-pre-gyp-0.6.30.tgz"
    },
    "nopt": {
      "version": "3.0.6",
      "from": "nopt@>=3.0.1 <3.1.0",
      "resolved": "https://registry.npmjs.org/nopt/-/nopt-3.0.6.tgz"
    },
    "normalize-range": {
      "version": "0.1.2",
      "from": "normalize-range@>=0.1.2 <0.2.0",
      "resolved": "https://registry.npmjs.org/normalize-range/-/normalize-range-0.1.2.tgz"
    },
    "npmlog": {
      "version": "4.0.2",
      "from": "npmlog@>=4.0.0 <5.0.0",
      "resolved": "https://registry.npmjs.org/npmlog/-/npmlog-4.0.2.tgz"
    },
    "num2fraction": {
      "version": "1.2.2",
      "from": "num2fraction@>=1.2.2 <2.0.0",
      "resolved": "https://registry.npmjs.org/num2fraction/-/num2fraction-1.2.2.tgz"
    },
    "number-is-nan": {
      "version": "1.0.0",
      "from": "number-is-nan@>=1.0.0 <2.0.0",
      "resolved": "https://registry.npmjs.org/number-is-nan/-/number-is-nan-1.0.0.tgz"
    },
    "oauth-sign": {
      "version": "0.8.2",
      "from": "oauth-sign@>=0.8.1 <0.9.0",
      "resolved": "https://registry.npmjs.org/oauth-sign/-/oauth-sign-0.8.2.tgz"
    },
    "object-assign": {
      "version": "4.1.0",
      "from": "object-assign@>=4.0.1 <5.0.0",
      "resolved": "https://registry.npmjs.org/object-assign/-/object-assign-4.1.0.tgz"
    },
    "once": {
      "version": "1.3.3",
      "from": "once@>=1.3.0 <2.0.0",
      "resolved": "https://registry.npmjs.org/once/-/once-1.3.3.tgz"
    },
    "path-is-absolute": {
      "version": "1.0.0",
      "from": "path-is-absolute@>=1.0.0 <2.0.0",
      "resolved": "https://registry.npmjs.org/path-is-absolute/-/path-is-absolute-1.0.0.tgz"
    },
    "pinkie": {
      "version": "2.0.4",
      "from": "pinkie@>=2.0.0 <3.0.0",
      "resolved": "https://registry.npmjs.org/pinkie/-/pinkie-2.0.4.tgz"
    },
    "pinkie-promise": {
      "version": "2.0.1",
      "from": "pinkie-promise@>=2.0.0 <3.0.0",
      "resolved": "https://registry.npmjs.org/pinkie-promise/-/pinkie-promise-2.0.1.tgz"
    },
    "postcss": {
      "version": "5.0.21",
      "from": "postcss@>=5.0.21 <6.0.0",
      "resolved": "https://registry.npmjs.org/postcss/-/postcss-5.0.21.tgz",
      "dependencies": {
        "supports-color": {
          "version": "3.1.2",
          "from": "supports-color@>=3.1.2 <4.0.0",
          "resolved": "https://registry.npmjs.org/supports-color/-/supports-color-3.1.2.tgz"
        }
      }
    },
    "postcss-value-parser": {
      "version": "3.3.0",
      "from": "postcss-value-parser@>=3.2.3 <4.0.0",
      "resolved": "https://registry.npmjs.org/postcss-value-parser/-/postcss-value-parser-3.3.0.tgz"
    },
    "process-nextick-args": {
      "version": "1.0.7",
      "from": "process-nextick-args@>=1.0.6 <1.1.0",
      "resolved": "https://registry.npmjs.org/process-nextick-args/-/process-nextick-args-1.0.7.tgz"
    },
    "punycode": {
      "version": "1.4.1",
      "from": "punycode@>=1.4.1 <2.0.0",
      "resolved": "https://registry.npmjs.org/punycode/-/punycode-1.4.1.tgz"
    },
    "qs": {
      "version": "6.3.0",
      "from": "qs@>=6.3.0 <6.4.0",
      "resolved": "https://registry.npmjs.org/qs/-/qs-6.3.0.tgz"
    },
    "rc": {
      "version": "1.1.6",
      "from": "rc@>=1.1.0 <1.2.0",
      "resolved": "https://registry.npmjs.org/rc/-/rc-1.1.6.tgz",
      "dependencies": {
        "minimist": {
          "version": "1.2.0",
          "from": "minimist@>=1.2.0 <2.0.0",
          "resolved": "https://registry.npmjs.org/minimist/-/minimist-1.2.0.tgz"
        }
      }
    },
    "readable-stream": {
      "version": "2.0.6",
      "from": "readable-stream@>=2.0.0 <2.1.0",
      "resolved": "https://registry.npmjs.org/readable-stream/-/readable-stream-2.0.6.tgz"
    },
    "request": {
      "version": "2.79.0",
      "from": "request@>=2.0.0 <3.0.0",
      "resolved": "https://registry.npmjs.org/request/-/request-2.79.0.tgz"
    },
    "rimraf": {
      "version": "2.5.3",
      "from": "rimraf@>=2.2.8 <3.0.0",
      "resolved": "https://registry.npmjs.org/rimraf/-/rimraf-2.5.3.tgz"
    },
    "semver": {
      "version": "5.3.0",
      "from": "semver@>=5.3.0 <5.4.0",
      "resolved": "https://registry.npmjs.org/semver/-/semver-5.3.0.tgz"
    },
    "set-blocking": {
      "version": "2.0.0",
      "from": "set-blocking@>=2.0.0 <2.1.0",
      "resolved": "https://registry.npmjs.org/set-blocking/-/set-blocking-2.0.0.tgz"
    },
    "signal-exit": {
      "version": "3.0.2",
      "from": "signal-exit@>=3.0.0 <4.0.0",
      "resolved": "https://registry.npmjs.org/signal-exit/-/signal-exit-3.0.2.tgz"
    },
    "sntp": {
      "version": "1.0.9",
      "from": "sntp@>=1.0.0 <2.0.0",
      "resolved": "https://registry.npmjs.org/sntp/-/sntp-1.0.9.tgz"
    },
    "source-map": {
      "version": "0.5.6",
      "from": "source-map@>=0.5.0 <0.6.0",
      "resolved": "https://registry.npmjs.org/source-map/-/source-map-0.5.6.tgz"
    },
    "sshpk": {
      "version": "1.10.1",
      "from": "sshpk@>=1.7.0 <2.0.0",
      "resolved": "https://registry.npmjs.org/sshpk/-/sshpk-1.10.1.tgz",
      "dependencies": {
        "assert-plus": {
          "version": "1.0.0",
          "from": "assert-plus@>=1.0.0 <2.0.0",
          "resolved": "https://registry.npmjs.org/assert-plus/-/assert-plus-1.0.0.tgz"
        }
      }
    },
    "string_decoder": {
      "version": "0.10.31",
      "from": "string_decoder@>=0.10.0 <0.11.0",
      "resolved": "https://registry.npmjs.org/string_decoder/-/string_decoder-0.10.31.tgz"
    },
    "string-width": {
      "version": "1.0.1",
      "from": "string-width@>=1.0.1 <2.0.0",
      "resolved": "https://registry.npmjs.org/string-width/-/string-width-1.0.1.tgz"
    },
    "stringstream": {
      "version": "0.0.5",
      "from": "stringstream@>=0.0.4 <0.1.0",
      "resolved": "https://registry.npmjs.org/stringstream/-/stringstream-0.0.5.tgz"
    },
    "strip-ansi": {
      "version": "3.0.1",
      "from": "strip-ansi@>=3.0.0 <4.0.0",
      "resolved": "https://registry.npmjs.org/strip-ansi/-/strip-ansi-3.0.1.tgz"
    },
    "strip-json-comments": {
      "version": "1.0.4",
      "from": "strip-json-comments@>=1.0.1 <1.1.0",
      "resolved": "https://registry.npmjs.org/strip-json-comments/-/strip-json-comments-1.0.4.tgz"
    },
    "supports-color": {
      "version": "2.0.0",
      "from": "supports-color@>=2.0.0 <3.0.0",
      "resolved": "https://registry.npmjs.org/supports-color/-/supports-color-2.0.0.tgz"
    },
    "tar": {
      "version": "2.2.1",
      "from": "tar@>=2.2.0 <2.3.0",
      "resolved": "https://registry.npmjs.org/tar/-/tar-2.2.1.tgz"
    },
    "tar-pack": {
      "version": "3.1.4",
      "from": "tar-pack@>=3.1.0 <3.2.0",
      "resolved": "https://registry.npmjs.org/tar-pack/-/tar-pack-3.1.4.tgz",
      "dependencies": {
        "readable-stream": {
          "version": "2.1.5",
          "from": "readable-stream@>=2.1.4 <2.2.0",
          "resolved": "https://registry.npmjs.org/readable-stream/-/readable-stream-2.1.5.tgz"
        }
      }
    },
    "tough-cookie": {
      "version": "2.3.2",
      "from": "tough-cookie@>=2.3.0 <2.4.0",
      "resolved": "https://registry.npmjs.org/tough-cookie/-/tough-cookie-2.3.2.tgz"
    },
    "tunnel-agent": {
      "version": "0.4.3",
      "from": "tunnel-agent@>=0.4.1 <0.5.0",
      "resolved": "https://registry.npmjs.org/tunnel-agent/-/tunnel-agent-0.4.3.tgz"
    },
    "tweetnacl": {
      "version": "0.14.5",
      "from": "tweetnacl@>=0.14.0 <0.15.0",
      "resolved": "https://registry.npmjs.org/tweetnacl/-/tweetnacl-0.14.5.tgz",
      "optional": true
    },
    "uid-number": {
      "version": "0.0.6",
      "from": "uid-number@>=0.0.6 <0.1.0",
      "resolved": "https://registry.npmjs.org/uid-number/-/uid-number-0.0.6.tgz"
    },
    "util-deprecate": {
      "version": "1.0.2",
      "from": "util-deprecate@>=1.0.1 <1.1.0",
      "resolved": "https://registry.npmjs.org/util-deprecate/-/util-deprecate-1.0.2.tgz"
    },
    "uuid": {
      "version": "3.0.1",
      "from": "uuid@>=3.0.0 <4.0.0",
      "resolved": "https://registry.npmjs.org/uuid/-/uuid-3.0.1.tgz"
    },
    "verror": {
      "version": "1.3.6",
      "from": "verror@1.3.6",
      "resolved": "https://registry.npmjs.org/verror/-/verror-1.3.6.tgz"
    },
    "wide-align": {
      "version": "1.1.0",
      "from": "wide-align@>=1.1.0 <2.0.0",
      "resolved": "https://registry.npmjs.org/wide-align/-/wide-align-1.1.0.tgz"
    },
    "wrappy": {
      "version": "1.0.2",
      "from": "wrappy@>=1.0.0 <2.0.0",
      "resolved": "https://registry.npmjs.org/wrappy/-/wrappy-1.0.2.tgz"
    },
    "xtend": {
      "version": "4.0.1",
      "from": "xtend@>=4.0.0 <5.0.0",
      "resolved": "https://registry.npmjs.org/xtend/-/xtend-4.0.1.tgz"
    }
  }
}
