{
  "dependencies": {
    "acorn": {
      "version": "3.2.0",
      "from": "acorn@>=3.2.0 <4.0.0",
      "resolved": "https://registry.npmjs.org/acorn/-/acorn-3.2.0.tgz"
    },
    "acorn-jsx": {
      "version": "3.0.1",
      "from": "acorn-jsx@>=3.0.0 <4.0.0",
      "resolved": "https://registry.npmjs.org/acorn-jsx/-/acorn-jsx-3.0.1.tgz"
    },
    "amdefine": {
      "version": "1.0.0",
      "from": "amdefine@>=0.0.4",
      "resolved": "https://registry.npmjs.org/amdefine/-/amdefine-1.0.0.tgz"
    },
    "ansi-escapes": {
      "version": "1.4.0",
      "from": "ansi-escapes@>=1.1.0 <2.0.0",
      "resolved": "https://registry.npmjs.org/ansi-escapes/-/ansi-escapes-1.4.0.tgz"
    },
    "ansi-regex": {
      "version": "2.0.0",
      "from": "ansi-regex@>=2.0.0 <3.0.0",
      "resolved": "https://registry.npmjs.org/ansi-regex/-/ansi-regex-2.0.0.tgz"
    },
    "ansi-styles": {
      "version": "2.2.1",
      "from": "ansi-styles@>=2.2.1 <3.0.0",
      "resolved": "https://registry.npmjs.org/ansi-styles/-/ansi-styles-2.2.1.tgz"
    },
    "argparse": {
      "version": "1.0.7",
      "from": "argparse@>=1.0.7 <2.0.0",
      "resolved": "https://registry.npmjs.org/argparse/-/argparse-1.0.7.tgz"
    },
    "array-union": {
      "version": "1.0.2",
      "from": "array-union@>=1.0.1 <2.0.0",
      "resolved": "https://registry.npmjs.org/array-union/-/array-union-1.0.2.tgz"
    },
    "array-uniq": {
      "version": "1.0.3",
      "from": "array-uniq@>=1.0.1 <2.0.0",
      "resolved": "https://registry.npmjs.org/array-uniq/-/array-uniq-1.0.3.tgz"
    },
    "arrify": {
      "version": "1.0.1",
      "from": "arrify@>=1.0.0 <2.0.0",
      "resolved": "https://registry.npmjs.org/arrify/-/arrify-1.0.1.tgz"
    },
    "autoprefixer": {
      "version": "6.3.7",
      "from": "autoprefixer@6.3.7",
      "resolved": "https://registry.npmjs.org/autoprefixer/-/autoprefixer-6.3.7.tgz"
    },
    "babel-code-frame": {
      "version": "6.11.0",
      "from": "babel-code-frame@>=6.8.0 <7.0.0",
      "resolved": "https://registry.npmjs.org/babel-code-frame/-/babel-code-frame-6.11.0.tgz"
    },
    "babel-core": {
      "version": "6.10.4",
      "from": "babel-core@>=6.8.0 <7.0.0",
      "resolved": "https://registry.npmjs.org/babel-core/-/babel-core-6.10.4.tgz",
      "dependencies": {
        "babel-register": {
          "version": "6.9.0",
          "from": "babel-register@>=6.9.0 <7.0.0",
          "resolved": "https://registry.npmjs.org/babel-register/-/babel-register-6.9.0.tgz"
        },
        "babel-runtime": {
          "version": "6.9.2",
          "from": "babel-runtime@>=6.9.1 <7.0.0",
          "resolved": "https://registry.npmjs.org/babel-runtime/-/babel-runtime-6.9.2.tgz"
        },
        "path-exists": {
          "version": "1.0.0",
          "from": "path-exists@>=1.0.0 <2.0.0",
          "resolved": "https://registry.npmjs.org/path-exists/-/path-exists-1.0.0.tgz"
        }
      }
    },
    "babel-generator": {
      "version": "6.11.0",
      "from": "babel-generator@>=6.9.0 <7.0.0",
      "resolved": "https://registry.npmjs.org/babel-generator/-/babel-generator-6.11.0.tgz",
      "dependencies": {
        "babel-runtime": {
          "version": "6.9.2",
          "from": "babel-runtime@>=6.9.0 <7.0.0",
          "resolved": "https://registry.npmjs.org/babel-runtime/-/babel-runtime-6.9.2.tgz"
        }
      }
    },
    "babel-helpers": {
      "version": "6.8.0",
      "from": "babel-helpers@>=6.8.0 <7.0.0",
      "resolved": "https://registry.npmjs.org/babel-helpers/-/babel-helpers-6.8.0.tgz"
    },
    "babel-messages": {
      "version": "6.8.0",
      "from": "babel-messages@>=6.8.0 <7.0.0",
      "resolved": "https://registry.npmjs.org/babel-messages/-/babel-messages-6.8.0.tgz"
    },
    "babel-polyfill": {
      "version": "6.9.0",
      "from": "babel-polyfill@6.9.0",
      "resolved": "https://registry.npmjs.org/babel-polyfill/-/babel-polyfill-6.9.0.tgz",
      "dependencies": {
        "babel-runtime": {
          "version": "6.9.2",
          "from": "babel-runtime@>=6.9.0 <7.0.0",
          "resolved": "https://registry.npmjs.org/babel-runtime/-/babel-runtime-6.9.2.tgz"
        }
      }
    },
    "babel-regenerator-runtime": {
      "version": "6.5.0",
      "from": "babel-regenerator-runtime@>=6.3.13 <7.0.0",
      "resolved": "https://registry.npmjs.org/babel-regenerator-runtime/-/babel-regenerator-runtime-6.5.0.tgz"
    },
    "babel-register": {
      "version": "6.8.0",
      "from": "babel-register@6.8.0",
      "resolved": "https://registry.npmjs.org/babel-register/-/babel-register-6.8.0.tgz",
      "dependencies": {
        "lodash": {
          "version": "3.10.1",
          "from": "lodash@>=3.10.0 <4.0.0",
          "resolved": "https://registry.npmjs.org/lodash/-/lodash-3.10.1.tgz"
        },
        "path-exists": {
          "version": "1.0.0",
          "from": "path-exists@>=1.0.0 <2.0.0",
          "resolved": "https://registry.npmjs.org/path-exists/-/path-exists-1.0.0.tgz"
        }
      }
    },
    "babel-runtime": {
      "version": "6.6.1",
      "from": "babel-runtime@6.6.1",
      "resolved": "https://registry.npmjs.org/babel-runtime/-/babel-runtime-6.6.1.tgz"
    },
    "babel-template": {
      "version": "6.9.0",
      "from": "babel-template@>=6.9.0 <7.0.0",
      "resolved": "https://registry.npmjs.org/babel-template/-/babel-template-6.9.0.tgz",
      "dependencies": {
        "babel-runtime": {
          "version": "6.9.2",
          "from": "babel-runtime@>=6.9.0 <7.0.0",
          "resolved": "https://registry.npmjs.org/babel-runtime/-/babel-runtime-6.9.2.tgz"
        }
      }
    },
    "babel-traverse": {
      "version": "6.10.4",
      "from": "babel-traverse@>=6.10.4 <7.0.0",
      "resolved": "https://registry.npmjs.org/babel-traverse/-/babel-traverse-6.10.4.tgz",
      "dependencies": {
        "babel-runtime": {
          "version": "6.9.2",
          "from": "babel-runtime@>=6.9.0 <7.0.0",
          "resolved": "https://registry.npmjs.org/babel-runtime/-/babel-runtime-6.9.2.tgz"
        },
        "globals": {
          "version": "8.18.0",
          "from": "globals@>=8.3.0 <9.0.0",
          "resolved": "https://registry.npmjs.org/globals/-/globals-8.18.0.tgz"
        }
      }
    },
    "babel-types": {
      "version": "6.11.1",
      "from": "babel-types@>=6.9.1 <7.0.0",
      "resolved": "https://registry.npmjs.org/babel-types/-/babel-types-6.11.1.tgz",
      "dependencies": {
        "babel-runtime": {
          "version": "6.9.2",
          "from": "babel-runtime@>=6.9.1 <7.0.0",
          "resolved": "https://registry.npmjs.org/babel-runtime/-/babel-runtime-6.9.2.tgz"
        }
      }
    },
    "babylon": {
      "version": "6.8.3",
      "from": "babylon@>=6.7.0 <7.0.0",
      "resolved": "https://registry.npmjs.org/babylon/-/babylon-6.8.3.tgz"
    },
    "balanced-match": {
      "version": "0.4.1",
      "from": "balanced-match@>=0.4.1 <0.5.0",
      "resolved": "https://registry.npmjs.org/balanced-match/-/balanced-match-0.4.1.tgz"
    },
    "bluebird": {
      "version": "3.4.1",
      "from": "bluebird@>=3.1.1 <4.0.0",
      "resolved": "https://registry.npmjs.org/bluebird/-/bluebird-3.4.1.tgz"
    },
    "brace-expansion": {
      "version": "1.1.5",
      "from": "brace-expansion@>=1.0.0 <2.0.0",
      "resolved": "https://registry.npmjs.org/brace-expansion/-/brace-expansion-1.1.5.tgz"
    },
    "browserslist": {
      "version": "1.3.4",
      "from": "browserslist@>=1.3.4 <1.4.0",
      "resolved": "https://registry.npmjs.org/browserslist/-/browserslist-1.3.4.tgz"
    },
    "builtin-modules": {
      "version": "1.1.1",
      "from": "builtin-modules@>=1.1.1 <2.0.0",
      "resolved": "https://registry.npmjs.org/builtin-modules/-/builtin-modules-1.1.1.tgz"
    },
    "caller-path": {
      "version": "0.1.0",
      "from": "caller-path@>=0.1.0 <0.2.0",
      "resolved": "https://registry.npmjs.org/caller-path/-/caller-path-0.1.0.tgz"
    },
    "callsites": {
      "version": "0.2.0",
      "from": "callsites@>=0.2.0 <0.3.0",
      "resolved": "https://registry.npmjs.org/callsites/-/callsites-0.2.0.tgz"
    },
    "caniuse-db": {
      "version": "1.0.30000505",
      "from": "caniuse-db@>=1.0.30000488 <2.0.0",
      "resolved": "https://registry.npmjs.org/caniuse-db/-/caniuse-db-1.0.30000505.tgz"
    },
    "chalk": {
      "version": "1.1.3",
      "from": "chalk@>=1.1.3 <2.0.0",
      "resolved": "https://registry.npmjs.org/chalk/-/chalk-1.1.3.tgz"
    },
    "cli-cursor": {
      "version": "1.0.2",
      "from": "cli-cursor@>=1.0.1 <2.0.0",
      "resolved": "https://registry.npmjs.org/cli-cursor/-/cli-cursor-1.0.2.tgz"
    },
    "cli-width": {
      "version": "2.1.0",
      "from": "cli-width@>=2.0.0 <3.0.0",
      "resolved": "https://registry.npmjs.org/cli-width/-/cli-width-2.1.0.tgz"
    },
    "code-point-at": {
      "version": "1.0.0",
      "from": "code-point-at@>=1.0.0 <2.0.0",
      "resolved": "https://registry.npmjs.org/code-point-at/-/code-point-at-1.0.0.tgz"
    },
    "concat-map": {
      "version": "0.0.1",
      "from": "concat-map@0.0.1",
      "resolved": "https://registry.npmjs.org/concat-map/-/concat-map-0.0.1.tgz"
    },
    "concat-stream": {
      "version": "1.5.1",
      "from": "concat-stream@>=1.4.6 <2.0.0",
      "resolved": "https://registry.npmjs.org/concat-stream/-/concat-stream-1.5.1.tgz"
    },
    "contains-path": {
      "version": "0.1.0",
      "from": "contains-path@>=0.1.0 <0.2.0",
      "resolved": "https://registry.npmjs.org/contains-path/-/contains-path-0.1.0.tgz"
    },
    "convert-source-map": {
      "version": "1.2.0",
      "from": "convert-source-map@>=1.1.0 <2.0.0",
      "resolved": "https://registry.npmjs.org/convert-source-map/-/convert-source-map-1.2.0.tgz"
    },
    "core-js": {
      "version": "2.4.0",
      "from": "core-js@>=2.4.0 <3.0.0",
      "resolved": "https://registry.npmjs.org/core-js/-/core-js-2.4.0.tgz"
    },
    "core-util-is": {
      "version": "1.0.2",
      "from": "core-util-is@>=1.0.0 <1.1.0",
      "resolved": "https://registry.npmjs.org/core-util-is/-/core-util-is-1.0.2.tgz"
    },
    "d": {
      "version": "0.1.1",
      "from": "d@>=0.1.1 <0.2.0",
      "resolved": "https://registry.npmjs.org/d/-/d-0.1.1.tgz"
    },
    "damerau-levenshtein": {
      "version": "1.0.0",
      "from": "damerau-levenshtein@>=1.0.0 <2.0.0",
      "resolved": "https://registry.npmjs.org/damerau-levenshtein/-/damerau-levenshtein-1.0.0.tgz"
    },
    "debug": {
      "version": "2.2.0",
      "from": "debug@>=2.1.1 <3.0.0",
      "resolved": "https://registry.npmjs.org/debug/-/debug-2.2.0.tgz"
    },
    "deep-is": {
      "version": "0.1.3",
      "from": "deep-is@>=0.1.3 <0.2.0",
      "resolved": "https://registry.npmjs.org/deep-is/-/deep-is-0.1.3.tgz"
    },
    "del": {
      "version": "2.2.1",
      "from": "del@>=2.0.2 <3.0.0",
      "resolved": "https://registry.npmjs.org/del/-/del-2.2.1.tgz"
    },
    "detect-indent": {
      "version": "3.0.1",
      "from": "detect-indent@>=3.0.1 <4.0.0",
      "resolved": "https://registry.npmjs.org/detect-indent/-/detect-indent-3.0.1.tgz",
      "dependencies": {
        "minimist": {
          "version": "1.2.0",
          "from": "minimist@>=1.1.0 <2.0.0",
          "resolved": "https://registry.npmjs.org/minimist/-/minimist-1.2.0.tgz"
        }
      }
    },
    "doctrine": {
      "version": "1.2.2",
      "from": "doctrine@>=1.2.2 <2.0.0",
      "resolved": "https://registry.npmjs.org/doctrine/-/doctrine-1.2.2.tgz",
      "dependencies": {
        "esutils": {
          "version": "1.1.6",
          "from": "esutils@>=1.1.6 <2.0.0",
          "resolved": "https://registry.npmjs.org/esutils/-/esutils-1.1.6.tgz"
        }
      }
    },
    "es5-ext": {
      "version": "0.10.12",
      "from": "es5-ext@>=0.10.11 <0.11.0",
      "resolved": "https://registry.npmjs.org/es5-ext/-/es5-ext-0.10.12.tgz"
    },
    "es6-iterator": {
      "version": "2.0.0",
      "from": "es6-iterator@>=2.0.0 <3.0.0",
      "resolved": "https://registry.npmjs.org/es6-iterator/-/es6-iterator-2.0.0.tgz"
    },
    "es6-map": {
      "version": "0.1.4",
      "from": "es6-map@>=0.1.3 <0.2.0",
      "resolved": "https://registry.npmjs.org/es6-map/-/es6-map-0.1.4.tgz"
    },
    "es6-set": {
      "version": "0.1.4",
      "from": "es6-set@>=0.1.3 <0.2.0",
      "resolved": "https://registry.npmjs.org/es6-set/-/es6-set-0.1.4.tgz"
    },
    "es6-symbol": {
      "version": "3.1.0",
      "from": "es6-symbol@>=3.1.0 <3.2.0",
      "resolved": "https://registry.npmjs.org/es6-symbol/-/es6-symbol-3.1.0.tgz"
    },
    "es6-weak-map": {
      "version": "2.0.1",
      "from": "es6-weak-map@>=2.0.1 <3.0.0",
      "resolved": "https://registry.npmjs.org/es6-weak-map/-/es6-weak-map-2.0.1.tgz"
    },
    "escape-string-regexp": {
      "version": "1.0.5",
      "from": "escape-string-regexp@>=1.0.2 <2.0.0",
      "resolved": "https://registry.npmjs.org/escape-string-regexp/-/escape-string-regexp-1.0.5.tgz"
    },
    "escope": {
      "version": "3.6.0",
      "from": "escope@>=3.6.0 <4.0.0",
      "resolved": "https://registry.npmjs.org/escope/-/escope-3.6.0.tgz"
    },
    "eslint-config-airbnb-base": {
      "version": "3.0.1",
      "from": "eslint-config-airbnb-base@>=3.0.0 <4.0.0",
      "resolved": "https://registry.npmjs.org/eslint-config-airbnb-base/-/eslint-config-airbnb-base-3.0.1.tgz"
    },
    "eslint-import-resolver-node": {
      "version": "0.2.1",
      "from": "eslint-import-resolver-node@>=0.2.0 <0.3.0",
      "resolved": "https://registry.npmjs.org/eslint-import-resolver-node/-/eslint-import-resolver-node-0.2.1.tgz"
    },
    "espree": {
      "version": "3.1.6",
      "from": "espree@>=3.1.6 <4.0.0",
      "resolved": "https://registry.npmjs.org/espree/-/espree-3.1.6.tgz"
    },
    "esprima": {
      "version": "2.7.2",
      "from": "esprima@>=2.6.0 <3.0.0",
      "resolved": "https://registry.npmjs.org/esprima/-/esprima-2.7.2.tgz"
    },
    "esrecurse": {
      "version": "4.1.0",
      "from": "esrecurse@>=4.1.0 <5.0.0",
      "resolved": "https://registry.npmjs.org/esrecurse/-/esrecurse-4.1.0.tgz",
      "dependencies": {
        "estraverse": {
          "version": "4.1.1",
          "from": "estraverse@>=4.1.0 <4.2.0",
          "resolved": "https://registry.npmjs.org/estraverse/-/estraverse-4.1.1.tgz"
        }
      }
    },
    "estraverse": {
      "version": "4.2.0",
      "from": "estraverse@>=4.2.0 <5.0.0",
      "resolved": "https://registry.npmjs.org/estraverse/-/estraverse-4.2.0.tgz"
    },
    "esutils": {
      "version": "2.0.2",
      "from": "esutils@>=2.0.2 <3.0.0",
      "resolved": "https://registry.npmjs.org/esutils/-/esutils-2.0.2.tgz"
    },
    "event-emitter": {
      "version": "0.3.4",
      "from": "event-emitter@>=0.3.4 <0.4.0",
      "resolved": "https://registry.npmjs.org/event-emitter/-/event-emitter-0.3.4.tgz"
    },
    "exit-hook": {
      "version": "1.1.1",
      "from": "exit-hook@>=1.0.0 <2.0.0",
      "resolved": "https://registry.npmjs.org/exit-hook/-/exit-hook-1.1.1.tgz"
    },
    "faker": {
      "version": "3.1.0",
      "from": "faker@>=3.0.1 <4.0.0",
      "resolved": "https://registry.npmjs.org/faker/-/faker-3.1.0.tgz"
    },
    "fast-levenshtein": {
      "version": "1.1.3",
      "from": "fast-levenshtein@>=1.1.0 <2.0.0",
      "resolved": "https://registry.npmjs.org/fast-levenshtein/-/fast-levenshtein-1.1.3.tgz"
    },
    "figures": {
      "version": "1.7.0",
      "from": "figures@>=1.3.5 <2.0.0",
      "resolved": "https://registry.npmjs.org/figures/-/figures-1.7.0.tgz"
    },
    "file-entry-cache": {
      "version": "1.2.4",
      "from": "file-entry-cache@>=1.1.1 <2.0.0",
      "resolved": "https://registry.npmjs.org/file-entry-cache/-/file-entry-cache-1.2.4.tgz"
    },
    "find-up": {
      "version": "1.1.2",
      "from": "find-up@>=1.0.0 <2.0.0",
      "resolved": "https://registry.npmjs.org/find-up/-/find-up-1.1.2.tgz"
    },
    "flat-cache": {
      "version": "1.0.10",
      "from": "flat-cache@>=1.0.9 <2.0.0",
      "resolved": "https://registry.npmjs.org/flat-cache/-/flat-cache-1.0.10.tgz"
    },
    "fs.realpath": {
      "version": "1.0.0",
      "from": "fs.realpath@>=1.0.0 <2.0.0",
      "resolved": "https://registry.npmjs.org/fs.realpath/-/fs.realpath-1.0.0.tgz"
    },
    "generate-function": {
      "version": "2.0.0",
      "from": "generate-function@>=2.0.0 <3.0.0",
      "resolved": "https://registry.npmjs.org/generate-function/-/generate-function-2.0.0.tgz"
    },
    "generate-object-property": {
      "version": "1.2.0",
      "from": "generate-object-property@>=1.1.0 <2.0.0",
      "resolved": "https://registry.npmjs.org/generate-object-property/-/generate-object-property-1.2.0.tgz"
    },
    "get-stdin": {
      "version": "4.0.1",
      "from": "get-stdin@>=4.0.1 <5.0.0",
      "resolved": "https://registry.npmjs.org/get-stdin/-/get-stdin-4.0.1.tgz"
    },
    "glob": {
      "version": "7.0.5",
      "from": "glob@>=7.0.3 <8.0.0",
      "resolved": "https://registry.npmjs.org/glob/-/glob-7.0.5.tgz"
    },
    "globals": {
      "version": "9.9.0",
      "from": "globals@>=9.2.0 <10.0.0",
      "resolved": "https://registry.npmjs.org/globals/-/globals-9.9.0.tgz"
    },
    "globby": {
      "version": "5.0.0",
      "from": "globby@>=5.0.0 <6.0.0",
      "resolved": "https://registry.npmjs.org/globby/-/globby-5.0.0.tgz"
    },
    "graceful-fs": {
      "version": "4.1.4",
      "from": "graceful-fs@>=4.1.2 <5.0.0",
      "resolved": "https://registry.npmjs.org/graceful-fs/-/graceful-fs-4.1.4.tgz"
    },
    "has-ansi": {
      "version": "2.0.0",
      "from": "has-ansi@>=2.0.0 <3.0.0",
      "resolved": "https://registry.npmjs.org/has-ansi/-/has-ansi-2.0.0.tgz"
    },
    "has-flag": {
      "version": "1.0.0",
      "from": "has-flag@>=1.0.0 <2.0.0",
      "resolved": "https://registry.npmjs.org/has-flag/-/has-flag-1.0.0.tgz"
    },
    "home-or-tmp": {
      "version": "1.0.0",
      "from": "home-or-tmp@>=1.0.0 <2.0.0",
      "resolved": "https://registry.npmjs.org/home-or-tmp/-/home-or-tmp-1.0.0.tgz",
      "dependencies": {
        "user-home": {
          "version": "1.1.1",
          "from": "user-home@>=1.1.1 <2.0.0",
          "resolved": "https://registry.npmjs.org/user-home/-/user-home-1.1.1.tgz"
        }
      }
    },
    "ignore": {
      "version": "3.1.3",
      "from": "ignore@>=3.1.2 <4.0.0",
      "resolved": "https://registry.npmjs.org/ignore/-/ignore-3.1.3.tgz"
    },
    "imurmurhash": {
      "version": "0.1.4",
      "from": "imurmurhash@>=0.1.4 <0.2.0",
      "resolved": "https://registry.npmjs.org/imurmurhash/-/imurmurhash-0.1.4.tgz"
    },
    "inflight": {
      "version": "1.0.5",
      "from": "inflight@>=1.0.4 <2.0.0",
      "resolved": "https://registry.npmjs.org/inflight/-/inflight-1.0.5.tgz"
    },
    "inherits": {
      "version": "2.0.1",
      "from": "inherits@>=2.0.1 <2.1.0",
      "resolved": "https://registry.npmjs.org/inherits/-/inherits-2.0.1.tgz"
    },
    "inquirer": {
      "version": "0.12.0",
      "from": "inquirer@>=0.12.0 <0.13.0",
      "resolved": "https://registry.npmjs.org/inquirer/-/inquirer-0.12.0.tgz"
    },
    "invariant": {
      "version": "2.2.1",
      "from": "invariant@2.2.1",
      "resolved": "https://registry.npmjs.org/invariant/-/invariant-2.2.1.tgz"
    },
    "is-finite": {
      "version": "1.0.1",
      "from": "is-finite@>=1.0.0 <2.0.0",
      "resolved": "https://registry.npmjs.org/is-finite/-/is-finite-1.0.1.tgz"
    },
    "is-fullwidth-code-point": {
      "version": "1.0.0",
      "from": "is-fullwidth-code-point@>=1.0.0 <2.0.0",
      "resolved": "https://registry.npmjs.org/is-fullwidth-code-point/-/is-fullwidth-code-point-1.0.0.tgz"
    },
    "is-my-json-valid": {
      "version": "2.13.1",
      "from": "is-my-json-valid@>=2.10.0 <3.0.0",
      "resolved": "https://registry.npmjs.org/is-my-json-valid/-/is-my-json-valid-2.13.1.tgz"
    },
    "is-path-cwd": {
      "version": "1.0.0",
      "from": "is-path-cwd@>=1.0.0 <2.0.0",
      "resolved": "https://registry.npmjs.org/is-path-cwd/-/is-path-cwd-1.0.0.tgz"
    },
    "is-path-in-cwd": {
      "version": "1.0.0",
      "from": "is-path-in-cwd@>=1.0.0 <2.0.0",
      "resolved": "https://registry.npmjs.org/is-path-in-cwd/-/is-path-in-cwd-1.0.0.tgz"
    },
    "is-path-inside": {
      "version": "1.0.0",
      "from": "is-path-inside@>=1.0.0 <2.0.0",
      "resolved": "https://registry.npmjs.org/is-path-inside/-/is-path-inside-1.0.0.tgz"
    },
    "is-property": {
      "version": "1.0.2",
      "from": "is-property@>=1.0.0 <2.0.0",
      "resolved": "https://registry.npmjs.org/is-property/-/is-property-1.0.2.tgz"
    },
    "is-resolvable": {
      "version": "1.0.0",
      "from": "is-resolvable@>=1.0.0 <2.0.0",
      "resolved": "https://registry.npmjs.org/is-resolvable/-/is-resolvable-1.0.0.tgz"
    },
    "isarray": {
      "version": "1.0.0",
      "from": "isarray@>=1.0.0 <1.1.0",
      "resolved": "https://registry.npmjs.org/isarray/-/isarray-1.0.0.tgz"
    },
    "js-base64": {
      "version": "2.1.9",
      "from": "js-base64@>=2.1.9 <3.0.0",
      "resolved": "https://registry.npmjs.org/js-base64/-/js-base64-2.1.9.tgz"
    },
    "js-tokens": {
      "version": "2.0.0",
      "from": "js-tokens@>=2.0.0 <3.0.0",
      "resolved": "https://registry.npmjs.org/js-tokens/-/js-tokens-2.0.0.tgz"
    },
    "js-yaml": {
      "version": "3.6.1",
      "from": "js-yaml@>=3.5.1 <4.0.0",
      "resolved": "https://registry.npmjs.org/js-yaml/-/js-yaml-3.6.1.tgz"
    },
    "json-stable-stringify": {
      "version": "1.0.1",
      "from": "json-stable-stringify@>=1.0.0 <2.0.0",
      "resolved": "https://registry.npmjs.org/json-stable-stringify/-/json-stable-stringify-1.0.1.tgz"
    },
    "json5": {
      "version": "0.4.0",
      "from": "json5@>=0.4.0 <0.5.0",
      "resolved": "https://registry.npmjs.org/json5/-/json5-0.4.0.tgz"
    },
    "jsonify": {
      "version": "0.0.0",
      "from": "jsonify@>=0.0.0 <0.1.0",
      "resolved": "https://registry.npmjs.org/jsonify/-/jsonify-0.0.0.tgz"
    },
    "jsonpointer": {
      "version": "2.0.0",
      "from": "jsonpointer@2.0.0",
      "resolved": "https://registry.npmjs.org/jsonpointer/-/jsonpointer-2.0.0.tgz"
    },
    "jsx-ast-utils": {
      "version": "1.2.1",
      "from": "jsx-ast-utils@>=1.0.0 <2.0.0",
      "resolved": "https://registry.npmjs.org/jsx-ast-utils/-/jsx-ast-utils-1.2.1.tgz"
    },
    "levn": {
      "version": "0.3.0",
      "from": "levn@>=0.3.0 <0.4.0",
      "resolved": "https://registry.npmjs.org/levn/-/levn-0.3.0.tgz"
    },
    "lodash": {
      "version": "4.13.1",
      "from": "lodash@>=4.0.0 <5.0.0",
      "resolved": "https://registry.npmjs.org/lodash/-/lodash-4.13.1.tgz"
    },
    "lodash._baseeach": {
      "version": "4.1.3",
      "from": "lodash._baseeach@>=4.1.0 <4.2.0",
      "resolved": "https://registry.npmjs.org/lodash._baseeach/-/lodash._baseeach-4.1.3.tgz"
    },
    "lodash._basefind": {
      "version": "3.0.0",
      "from": "lodash._basefind@>=3.0.0 <3.1.0",
      "resolved": "https://registry.npmjs.org/lodash._basefind/-/lodash._basefind-3.0.0.tgz"
    },
    "lodash._basefindindex": {
      "version": "3.6.0",
      "from": "lodash._basefindindex@>=3.6.0 <3.7.0",
      "resolved": "https://registry.npmjs.org/lodash._basefindindex/-/lodash._basefindindex-3.6.0.tgz"
    },
    "lodash._baseiteratee": {
      "version": "4.7.0",
      "from": "lodash._baseiteratee@>=4.7.0 <4.8.0",
      "resolved": "https://registry.npmjs.org/lodash._baseiteratee/-/lodash._baseiteratee-4.7.0.tgz"
    },
    "lodash._basetostring": {
      "version": "4.12.0",
      "from": "lodash._basetostring@>=4.12.0 <4.13.0",
      "resolved": "https://registry.npmjs.org/lodash._basetostring/-/lodash._basetostring-4.12.0.tgz"
    },
    "lodash._root": {
      "version": "3.0.1",
      "from": "lodash._root@>=3.0.0 <3.1.0",
      "resolved": "https://registry.npmjs.org/lodash._root/-/lodash._root-3.0.1.tgz"
    },
    "lodash._stringtopath": {
      "version": "4.8.0",
      "from": "lodash._stringtopath@>=4.8.0 <4.9.0",
      "resolved": "https://registry.npmjs.org/lodash._stringtopath/-/lodash._stringtopath-4.8.0.tgz"
    },
    "lodash.assign": {
      "version": "4.0.9",
      "from": "lodash.assign@>=4.0.0 <5.0.0",
      "resolved": "https://registry.npmjs.org/lodash.assign/-/lodash.assign-4.0.9.tgz"
    },
    "lodash.cond": {
      "version": "4.4.0",
      "from": "lodash.cond@>=4.3.0 <5.0.0",
      "resolved": "https://registry.npmjs.org/lodash.cond/-/lodash.cond-4.4.0.tgz"
    },
    "lodash.endswith": {
      "version": "4.1.0",
      "from": "lodash.endswith@>=4.0.1 <5.0.0",
      "resolved": "https://registry.npmjs.org/lodash.endswith/-/lodash.endswith-4.1.0.tgz"
    },
    "lodash.find": {
      "version": "4.4.0",
      "from": "lodash.find@>=4.3.0 <5.0.0",
      "resolved": "https://registry.npmjs.org/lodash.find/-/lodash.find-4.4.0.tgz"
    },
    "lodash.findindex": {
      "version": "4.4.0",
      "from": "lodash.findindex@>=4.3.0 <5.0.0",
      "resolved": "https://registry.npmjs.org/lodash.findindex/-/lodash.findindex-4.4.0.tgz"
    },
    "lodash.keys": {
      "version": "4.0.7",
      "from": "lodash.keys@>=4.0.0 <5.0.0",
      "resolved": "https://registry.npmjs.org/lodash.keys/-/lodash.keys-4.0.7.tgz"
    },
    "lodash.keysin": {
      "version": "4.1.4",
      "from": "lodash.keysin@>=4.0.0 <5.0.0",
      "resolved": "https://registry.npmjs.org/lodash.keysin/-/lodash.keysin-4.1.4.tgz"
    },
    "lodash.memoize": {
      "version": "4.1.0",
      "from": "lodash.memoize@4.1.0",
      "resolved": "https://registry.npmjs.org/lodash.memoize/-/lodash.memoize-4.1.0.tgz"
    },
    "lodash.pickby": {
      "version": "4.4.0",
      "from": "lodash.pickby@>=4.0.0 <5.0.0",
      "resolved": "https://registry.npmjs.org/lodash.pickby/-/lodash.pickby-4.4.0.tgz"
    },
    "lodash.rest": {
      "version": "4.0.3",
      "from": "lodash.rest@>=4.0.0 <5.0.0",
      "resolved": "https://registry.npmjs.org/lodash.rest/-/lodash.rest-4.0.3.tgz"
    },
    "lodash.tostring": {
      "version": "4.1.3",
      "from": "lodash.tostring@>=4.0.0 <5.0.0",
      "resolved": "https://registry.npmjs.org/lodash.tostring/-/lodash.tostring-4.1.3.tgz"
    },
    "loose-envify": {
      "version": "1.2.0",
      "from": "loose-envify@>=1.0.0 <2.0.0",
      "resolved": "https://registry.npmjs.org/loose-envify/-/loose-envify-1.2.0.tgz",
      "dependencies": {
        "js-tokens": {
          "version": "1.0.3",
          "from": "js-tokens@>=1.0.1 <2.0.0",
          "resolved": "https://registry.npmjs.org/js-tokens/-/js-tokens-1.0.3.tgz"
        }
      }
    },
    "minimatch": {
      "version": "3.0.2",
      "from": "minimatch@>=3.0.2 <4.0.0",
      "resolved": "https://registry.npmjs.org/minimatch/-/minimatch-3.0.2.tgz"
    },
    "minimist": {
      "version": "0.0.8",
      "from": "minimist@0.0.8",
      "resolved": "https://registry.npmjs.org/minimist/-/minimist-0.0.8.tgz"
    },
    "mkdirp": {
      "version": "0.5.1",
      "from": "mkdirp@>=0.5.0 <0.6.0",
      "resolved": "https://registry.npmjs.org/mkdirp/-/mkdirp-0.5.1.tgz"
    },
    "ms": {
      "version": "0.7.1",
      "from": "ms@0.7.1",
      "resolved": "https://registry.npmjs.org/ms/-/ms-0.7.1.tgz"
    },
    "mute-stream": {
      "version": "0.0.5",
      "from": "mute-stream@0.0.5",
      "resolved": "https://registry.npmjs.org/mute-stream/-/mute-stream-0.0.5.tgz"
    },
    "normalize-range": {
      "version": "0.1.2",
      "from": "normalize-range@>=0.1.2 <0.2.0",
      "resolved": "https://registry.npmjs.org/normalize-range/-/normalize-range-0.1.2.tgz"
    },
    "num2fraction": {
      "version": "1.2.2",
      "from": "num2fraction@>=1.2.2 <2.0.0",
      "resolved": "https://registry.npmjs.org/num2fraction/-/num2fraction-1.2.2.tgz"
    },
    "number-is-nan": {
      "version": "1.0.0",
      "from": "number-is-nan@>=1.0.0 <2.0.0",
      "resolved": "https://registry.npmjs.org/number-is-nan/-/number-is-nan-1.0.0.tgz"
    },
    "object-assign": {
      "version": "4.1.0",
      "from": "object-assign@>=4.0.1 <5.0.0",
      "resolved": "https://registry.npmjs.org/object-assign/-/object-assign-4.1.0.tgz"
    },
    "once": {
      "version": "1.3.3",
      "from": "once@>=1.3.0 <2.0.0",
      "resolved": "https://registry.npmjs.org/once/-/once-1.3.3.tgz"
    },
    "onetime": {
      "version": "1.1.0",
      "from": "onetime@>=1.0.0 <2.0.0",
      "resolved": "https://registry.npmjs.org/onetime/-/onetime-1.1.0.tgz"
    },
    "optionator": {
      "version": "0.8.1",
      "from": "optionator@>=0.8.1 <0.9.0",
      "resolved": "https://registry.npmjs.org/optionator/-/optionator-0.8.1.tgz"
    },
    "os-homedir": {
      "version": "1.0.1",
      "from": "os-homedir@>=1.0.0 <2.0.0",
      "resolved": "https://registry.npmjs.org/os-homedir/-/os-homedir-1.0.1.tgz"
    },
    "os-tmpdir": {
      "version": "1.0.1",
      "from": "os-tmpdir@>=1.0.1 <2.0.0",
      "resolved": "https://registry.npmjs.org/os-tmpdir/-/os-tmpdir-1.0.1.tgz"
    },
    "path-exists": {
      "version": "2.1.0",
      "from": "path-exists@>=2.0.0 <3.0.0",
      "resolved": "https://registry.npmjs.org/path-exists/-/path-exists-2.1.0.tgz"
    },
    "path-is-absolute": {
      "version": "1.0.0",
      "from": "path-is-absolute@>=1.0.0 <2.0.0",
      "resolved": "https://registry.npmjs.org/path-is-absolute/-/path-is-absolute-1.0.0.tgz"
    },
    "path-is-inside": {
      "version": "1.0.1",
      "from": "path-is-inside@>=1.0.1 <2.0.0",
      "resolved": "https://registry.npmjs.org/path-is-inside/-/path-is-inside-1.0.1.tgz"
    },
    "pify": {
      "version": "2.3.0",
      "from": "pify@>=2.0.0 <3.0.0",
      "resolved": "https://registry.npmjs.org/pify/-/pify-2.3.0.tgz"
    },
    "pinkie": {
      "version": "2.0.4",
      "from": "pinkie@>=2.0.0 <3.0.0",
      "resolved": "https://registry.npmjs.org/pinkie/-/pinkie-2.0.4.tgz"
    },
    "pinkie-promise": {
      "version": "2.0.1",
      "from": "pinkie-promise@>=2.0.0 <3.0.0",
      "resolved": "https://registry.npmjs.org/pinkie-promise/-/pinkie-promise-2.0.1.tgz"
    },
    "pkg-dir": {
      "version": "1.0.0",
      "from": "pkg-dir@>=1.0.0 <2.0.0",
      "resolved": "https://registry.npmjs.org/pkg-dir/-/pkg-dir-1.0.0.tgz"
    },
    "pkg-up": {
      "version": "1.0.0",
      "from": "pkg-up@>=1.0.0 <2.0.0",
      "resolved": "https://registry.npmjs.org/pkg-up/-/pkg-up-1.0.0.tgz"
    },
    "pluralize": {
      "version": "1.2.1",
      "from": "pluralize@>=1.2.1 <2.0.0",
      "resolved": "https://registry.npmjs.org/pluralize/-/pluralize-1.2.1.tgz"
    },
    "postcss": {
      "version": "5.0.21",
      "from": "postcss@>=5.0.21 <6.0.0",
      "resolved": "https://registry.npmjs.org/postcss/-/postcss-5.0.21.tgz",
      "dependencies": {
        "supports-color": {
          "version": "3.1.2",
          "from": "supports-color@>=3.1.2 <4.0.0",
          "resolved": "https://registry.npmjs.org/supports-color/-/supports-color-3.1.2.tgz"
        }
      }
    },
    "postcss-value-parser": {
      "version": "3.3.0",
      "from": "postcss-value-parser@>=3.2.3 <4.0.0",
      "resolved": "https://registry.npmjs.org/postcss-value-parser/-/postcss-value-parser-3.3.0.tgz"
    },
    "prelude-ls": {
      "version": "1.1.2",
      "from": "prelude-ls@>=1.1.2 <1.2.0",
      "resolved": "https://registry.npmjs.org/prelude-ls/-/prelude-ls-1.1.2.tgz"
    },
    "private": {
      "version": "0.1.6",
      "from": "private@>=0.1.6 <0.2.0",
      "resolved": "https://registry.npmjs.org/private/-/private-0.1.6.tgz"
    },
    "process-nextick-args": {
      "version": "1.0.7",
      "from": "process-nextick-args@>=1.0.6 <1.1.0",
      "resolved": "https://registry.npmjs.org/process-nextick-args/-/process-nextick-args-1.0.7.tgz"
    },
    "progress": {
      "version": "1.1.8",
      "from": "progress@>=1.1.8 <2.0.0",
      "resolved": "https://registry.npmjs.org/progress/-/progress-1.1.8.tgz"
    },
    "read-json-sync": {
      "version": "1.1.1",
      "from": "read-json-sync@>=1.1.0 <2.0.0",
      "resolved": "https://registry.npmjs.org/read-json-sync/-/read-json-sync-1.1.1.tgz"
    },
    "readable-stream": {
      "version": "2.0.6",
      "from": "readable-stream@>=2.0.0 <2.1.0",
      "resolved": "https://registry.npmjs.org/readable-stream/-/readable-stream-2.0.6.tgz"
    },
    "readline2": {
      "version": "1.0.1",
      "from": "readline2@>=1.0.1 <2.0.0",
      "resolved": "https://registry.npmjs.org/readline2/-/readline2-1.0.1.tgz"
    },
    "regenerator-runtime": {
      "version": "0.9.5",
      "from": "regenerator-runtime@>=0.9.5 <0.10.0",
      "resolved": "https://registry.npmjs.org/regenerator-runtime/-/regenerator-runtime-0.9.5.tgz"
    },
    "repeating": {
      "version": "1.1.3",
      "from": "repeating@>=1.1.0 <2.0.0",
      "resolved": "https://registry.npmjs.org/repeating/-/repeating-1.1.3.tgz"
    },
    "require-uncached": {
      "version": "1.0.2",
      "from": "require-uncached@>=1.0.2 <2.0.0",
      "resolved": "https://registry.npmjs.org/require-uncached/-/require-uncached-1.0.2.tgz"
    },
    "resolve": {
      "version": "1.1.7",
      "from": "resolve@>=1.1.6 <2.0.0",
      "resolved": "https://registry.npmjs.org/resolve/-/resolve-1.1.7.tgz"
    },
    "resolve-from": {
      "version": "1.0.1",
      "from": "resolve-from@>=1.0.0 <2.0.0",
      "resolved": "https://registry.npmjs.org/resolve-from/-/resolve-from-1.0.1.tgz"
    },
    "restore-cursor": {
      "version": "1.0.1",
      "from": "restore-cursor@>=1.0.1 <2.0.0",
      "resolved": "https://registry.npmjs.org/restore-cursor/-/restore-cursor-1.0.1.tgz"
    },
    "rimraf": {
      "version": "2.5.3",
      "from": "rimraf@>=2.2.8 <3.0.0",
      "resolved": "https://registry.npmjs.org/rimraf/-/rimraf-2.5.3.tgz"
    },
    "run-async": {
      "version": "0.1.0",
      "from": "run-async@>=0.1.0 <0.2.0",
      "resolved": "https://registry.npmjs.org/run-async/-/run-async-0.1.0.tgz"
    },
    "rx-lite": {
      "version": "3.1.2",
      "from": "rx-lite@>=3.1.2 <4.0.0",
      "resolved": "https://registry.npmjs.org/rx-lite/-/rx-lite-3.1.2.tgz"
    },
    "shebang-regex": {
      "version": "1.0.0",
      "from": "shebang-regex@>=1.0.0 <2.0.0",
      "resolved": "https://registry.npmjs.org/shebang-regex/-/shebang-regex-1.0.0.tgz"
    },
    "shelljs": {
      "version": "0.6.0",
      "from": "shelljs@>=0.6.0 <0.7.0",
      "resolved": "https://registry.npmjs.org/shelljs/-/shelljs-0.6.0.tgz"
    },
    "slash": {
      "version": "1.0.0",
      "from": "slash@>=1.0.0 <2.0.0",
      "resolved": "https://registry.npmjs.org/slash/-/slash-1.0.0.tgz"
    },
    "slice-ansi": {
      "version": "0.0.4",
      "from": "slice-ansi@0.0.4",
      "resolved": "https://registry.npmjs.org/slice-ansi/-/slice-ansi-0.0.4.tgz"
    },
    "source-map": {
      "version": "0.5.6",
      "from": "source-map@>=0.5.0 <0.6.0",
      "resolved": "https://registry.npmjs.org/source-map/-/source-map-0.5.6.tgz"
    },
    "source-map-support": {
      "version": "0.2.10",
      "from": "source-map-support@>=0.2.10 <0.3.0",
      "resolved": "https://registry.npmjs.org/source-map-support/-/source-map-support-0.2.10.tgz",
      "dependencies": {
        "source-map": {
          "version": "0.1.32",
          "from": "source-map@0.1.32",
          "resolved": "https://registry.npmjs.org/source-map/-/source-map-0.1.32.tgz"
        }
      }
    },
    "sprintf-js": {
      "version": "1.0.3",
      "from": "sprintf-js@>=1.0.2 <1.1.0",
      "resolved": "https://registry.npmjs.org/sprintf-js/-/sprintf-js-1.0.3.tgz"
    },
    "string-width": {
      "version": "1.0.1",
      "from": "string-width@>=1.0.1 <2.0.0",
      "resolved": "https://registry.npmjs.org/string-width/-/string-width-1.0.1.tgz"
    },
    "string_decoder": {
      "version": "0.10.31",
      "from": "string_decoder@>=0.10.0 <0.11.0",
      "resolved": "https://registry.npmjs.org/string_decoder/-/string_decoder-0.10.31.tgz"
    },
    "strip-ansi": {
      "version": "3.0.1",
      "from": "strip-ansi@>=3.0.0 <4.0.0",
      "resolved": "https://registry.npmjs.org/strip-ansi/-/strip-ansi-3.0.1.tgz"
    },
    "strip-json-comments": {
      "version": "1.0.4",
      "from": "strip-json-comments@>=1.0.1 <1.1.0",
      "resolved": "https://registry.npmjs.org/strip-json-comments/-/strip-json-comments-1.0.4.tgz"
    },
    "supports-color": {
      "version": "2.0.0",
      "from": "supports-color@>=2.0.0 <3.0.0",
      "resolved": "https://registry.npmjs.org/supports-color/-/supports-color-2.0.0.tgz"
    },
    "table": {
      "version": "3.7.8",
      "from": "table@>=3.7.8 <4.0.0",
      "resolved": "https://registry.npmjs.org/table/-/table-3.7.8.tgz"
    },
    "text-table": {
      "version": "0.2.0",
      "from": "text-table@>=0.2.0 <0.3.0",
      "resolved": "https://registry.npmjs.org/text-table/-/text-table-0.2.0.tgz"
    },
    "through": {
      "version": "2.3.8",
      "from": "through@>=2.3.6 <3.0.0",
      "resolved": "https://registry.npmjs.org/through/-/through-2.3.8.tgz"
    },
    "to-fast-properties": {
      "version": "1.0.2",
      "from": "to-fast-properties@>=1.0.1 <2.0.0",
      "resolved": "https://registry.npmjs.org/to-fast-properties/-/to-fast-properties-1.0.2.tgz"
    },
    "tryit": {
      "version": "1.0.2",
      "from": "tryit@>=1.0.1 <2.0.0",
      "resolved": "https://registry.npmjs.org/tryit/-/tryit-1.0.2.tgz"
    },
    "tv4": {
      "version": "1.2.7",
      "from": "tv4@>=1.2.7 <2.0.0",
      "resolved": "https://registry.npmjs.org/tv4/-/tv4-1.2.7.tgz"
    },
    "type-check": {
      "version": "0.3.2",
      "from": "type-check@>=0.3.2 <0.4.0",
      "resolved": "https://registry.npmjs.org/type-check/-/type-check-0.3.2.tgz"
    },
    "typedarray": {
      "version": "0.0.6",
      "from": "typedarray@>=0.0.5 <0.1.0",
      "resolved": "https://registry.npmjs.org/typedarray/-/typedarray-0.0.6.tgz"
    },
    "user-home": {
      "version": "2.0.0",
      "from": "user-home@>=2.0.0 <3.0.0",
      "resolved": "https://registry.npmjs.org/user-home/-/user-home-2.0.0.tgz"
    },
    "util-deprecate": {
      "version": "1.0.2",
      "from": "util-deprecate@>=1.0.1 <1.1.0",
      "resolved": "https://registry.npmjs.org/util-deprecate/-/util-deprecate-1.0.2.tgz"
    },
    "wordwrap": {
      "version": "1.0.0",
      "from": "wordwrap@>=1.0.0 <1.1.0",
      "resolved": "https://registry.npmjs.org/wordwrap/-/wordwrap-1.0.0.tgz"
    },
    "wrappy": {
      "version": "1.0.2",
      "from": "wrappy@>=1.0.0 <2.0.0",
      "resolved": "https://registry.npmjs.org/wrappy/-/wrappy-1.0.2.tgz"
    },
    "write": {
      "version": "0.2.1",
      "from": "write@>=0.2.1 <0.3.0",
      "resolved": "https://registry.npmjs.org/write/-/write-0.2.1.tgz"
    },
    "xregexp": {
      "version": "3.1.1",
      "from": "xregexp@>=3.0.0 <4.0.0",
      "resolved": "https://registry.npmjs.org/xregexp/-/xregexp-3.1.1.tgz"
    },
    "xtend": {
      "version": "4.0.1",
      "from": "xtend@>=4.0.0 <5.0.0",
      "resolved": "https://registry.npmjs.org/xtend/-/xtend-4.0.1.tgz"
    }
  }
}
