{
  "dependencies": {
    "autoprefixer": {
      "version": "6.3.4",
      "from": "autoprefixer@>=6.3.1 <7.0.0",
      "resolved": "https://registry.npmjs.org/autoprefixer/-/autoprefixer-6.3.4.tgz",
      "dependencies": {
        "postcss-value-parser": {
          "version": "3.3.0",
          "from": "postcss-value-parser@>=3.2.3 <4.0.0",
          "resolved": "https://registry.npmjs.org/postcss-value-parser/-/postcss-value-parser-3.3.0.tgz"
        },
        "normalize-range": {
          "version": "0.1.2",
          "from": "normalize-range@>=0.1.2 <0.2.0",
          "resolved": "https://registry.npmjs.org/normalize-range/-/normalize-range-0.1.2.tgz"
        },
        "num2fraction": {
          "version": "1.2.2",
          "from": "num2fraction@>=1.2.2 <2.0.0",
          "resolved": "https://registry.npmjs.org/num2fraction/-/num2fraction-1.2.2.tgz"
        },
        "browserslist": {
          "version": "1.3.0",
          "from": "browserslist@>=1.3.0 <1.4.0",
          "resolved": "https://registry.npmjs.org/browserslist/-/browserslist-1.3.0.tgz"
        },
        "caniuse-db": {
          "version": "1.0.30000436",
          "from": "caniuse-db@>=1.0.30000435 <2.0.0",
          "resolved": "https://registry.npmjs.org/caniuse-db/-/caniuse-db-1.0.30000436.tgz"
        },
        "postcss": {
          "version": "5.0.19",
          "from": "postcss@>=5.0.19 <6.0.0",
          "resolved": "https://registry.npmjs.org/postcss/-/postcss-5.0.19.tgz",
          "dependencies": {
            "supports-color": {
              "version": "3.1.2",
              "from": "supports-color@>=3.1.2 <4.0.0",
              "resolved": "https://registry.npmjs.org/supports-color/-/supports-color-3.1.2.tgz",
              "dependencies": {
                "has-flag": {
                  "version": "1.0.0",
                  "from": "has-flag@>=1.0.0 <2.0.0",
                  "resolved": "https://registry.npmjs.org/has-flag/-/has-flag-1.0.0.tgz"
                }
              }
            },
            "source-map": {
              "version": "0.5.3",
              "from": "source-map@>=0.5.1 <0.6.0",
              "resolved": "https://registry.npmjs.org/source-map/-/source-map-0.5.3.tgz"
            },
            "js-base64": {
              "version": "2.1.9",
              "from": "js-base64@>=2.1.9 <3.0.0",
              "resolved": "https://registry.npmjs.org/js-base64/-/js-base64-2.1.9.tgz"
            }
          }
        }
      }
    },
    "faker": {
      "version": "3.1.0",
      "from": "faker@>=3.0.1 <4.0.0",
      "resolved": "https://registry.npmjs.org/faker/-/faker-3.1.0.tgz"
    }
  }
}
